{
  "nodes": {
    "bun2nix": {
      "inputs": {
        "flake-parts": [
          "llms",
          "flake-parts"
        ],
        "nixpkgs": [
          "llms",
          "nixpkgs"
        ],
        "systems": [
          "llms",
          "systems"
        ],
        "treefmt-nix": [
          "llms",
          "treefmt-nix"
        ]
      },
      "locked": {
        "lastModified": 1788011267,
        "narHash": "sha256-mEq2kU+ljompTToZ44Afvm7d/rHJ5iMBl0tjZuyShJs=",
        "owner": "Mic92",
        "repo": "bun2nix",
        "rev": "5765b0614591f75ee8ba5596e81ae85c167d1071",
        "type": "github"
      },
      "original": {
        "owner": "Mic92",
        "ref": "fix-structured-attrs-hook",
        "repo": "bun2nix",
        "type": "github"
      }
    },
    "bun2nix_2": {
      "inputs": {
        "flake-parts": [
          "vicre",
          "llm-agents",
          "flake-parts"
        ],
        "nixpkgs": [
          "vicre",
          "llm-agents",
          "nixpkgs"
        ],
        "systems": [
          "vicre",
          "llm-agents",
          "systems"
        ],
        "treefmt-nix": [
          "vicre",
          "llm-agents",
          "treefmt-nix"
        ]
      },
      "locked": {
        "lastModified": 1784665499,
        "narHash": "sha256-9BMxlTxCCDAeoNLtb1a/st7udtTIJep+wpUzquA29VU=",
        "owner": "nix-community",
        "repo": "bun2nix",
        "rev": "0f2a1f0b6f42cebe3b149bf62d38754c5e0e9729",
        "type": "github"
      },
      "original": {
        "owner": "nix-community",
        "repo": "bun2nix",
        "type": "github"
      }
    },
    "cpak": {
      "inputs": {
        "nixpkgs": "nixpkgs"
      },
      "locked": {
        "lastModified": 1788779677,
        "narHash": "sha256-LYLmQHTnLzMuep6rHGglQ73sjZFDvFtCERwgFPDVPLU=",
        "owner": "Containerpak",
        "repo": "cpak",
        "rev": "64076d5d111619a535c48e9ba7dd4f2b34f44883",
        "type": "github"
      },
      "original": {
        "owner": "Containerpak",
        "ref": "v2",
        "repo": "cpak",
        "type": "github"
      }
    },
    "flake-parts": {
      "inputs": {
        "nixpkgs-lib": [
          "llms",
          "nixpkgs"
        ]
      },
      "locked": {
        "lastModified": 1788450739,
        "narHash": "sha256-glZLQlzIn1fXH6PazR2iUmTo7kzzyYSshrWhLS9TqCU=",
        "owner": "hercules-ci",
        "repo": "flake-parts",
        "rev": "31729ca8cbdb4fa927b34e5f4353e6a83f39e993",
        "type": "github"
      },
      "original": {
        "owner": "hercules-ci",
        "repo": "flake-parts",
        "type": "github"
      }
    },
    "flake-parts_2": {
      "inputs": {
        "nixpkgs-lib": [
          "vicre",
          "llm-agents",
          "nixpkgs"
        ]
      },
      "locked": {
        "lastModified": 1787559586,
        "narHash": "sha256-onL0VLf9vPllmT0H/OlURIU5r5t5WIEl7t4tVNKT0Nw=",
        "owner": "hercules-ci",
        "repo": "flake-parts",
        "rev": "9d0d87172c374f89da73c1cfe6d81ae62feac1f1",
        "type": "github"
      },
      "original": {
        "owner": "hercules-ci",
        "repo": "flake-parts",
        "type": "github"
      }
    },
    "labwc-src": {
      "flake": false,
      "locked": {
        "lastModified": 1787816635,
        "narHash": "sha256-4Zubvvkg+TRXjyQ//JU8BCizcAkhL5jb3wfVfWtITHM=",
        "owner": "singularityos-lab",
        "repo": "labwc",
        "rev": "d73adaf66c9ca9ae3fd361dec5b99dfb7ba28ac9",
        "type": "github"
      },
      "original": {
        "owner": "singularityos-lab",
        "repo": "labwc",
        "type": "github"
      }
    },
    "llm-agents": {
      "inputs": {
        "bun2nix": "bun2nix_2",
        "flake-parts": "flake-parts_2",
        "nixpkgs": "nixpkgs_5",
        "systems": "systems_2",
        "treefmt-nix": "treefmt-nix_2"
      },
      "locked": {
        "lastModified": 1788063845,
        "narHash": "sha256-SdJE2vyoZJr+8iOoau7UDZAKD2hRhi51LYSBCDthiHM=",
        "owner": "numtide",
        "repo": "llm-agents.nix",
        "rev": "b7e6d6d4cb01ee1bc704db8e11629adec7e2509c",
        "type": "github"
      },
      "original": {
        "owner": "numtide",
        "repo": "llm-agents.nix",
        "type": "github"
      }
    },
    "llms": {
      "inputs": {
        "bun2nix": "bun2nix",
        "flake-parts": "flake-parts",
        "nixpkgs": "nixpkgs_2",
        "systems": "systems",
        "treefmt-nix": "treefmt-nix"
      },
      "locked": {
        "lastModified": 1789244403,
        "narHash": "sha256-c04AEJ9ezmVTkb8HsQy13MPKRkM0M6kn5Gb5D0Z2YwY=",
        "owner": "numtide",
        "repo": "llm-agents.nix",
        "rev": "0499028b5b1e83adc235c5a10d01e2aaa262d399",
        "type": "github"
      },
      "original": {
        "owner": "numtide",
        "repo": "llm-agents.nix",
        "type": "github"
      }
    },
    "nixpkgs": {
      "locked": {
        "lastModified": 1788179007,
        "narHash": "sha256-hn1oU2rue2SYK8dAr8+WNZWtbsz1S2W5mnHlSEuh3bo=",
        "owner": "NixOS",
        "repo": "nixpkgs",
        "rev": "34ab99075ac4f7e40cf037eef32cb1c360bb85e9",
        "type": "github"
      },
      "original": {
        "owner": "NixOS",
        "ref": "nixos-unstable",
        "repo": "nixpkgs",
        "type": "github"
      }
    },
    "nixpkgs_2": {
      "locked": {
        "lastModified": 1788982683,
        "narHash": "sha256-PJCTsE4I20CrJJPcye9/z6brRFysG5+aygr/dZK097k=",
        "owner": "NixOS",
        "repo": "nixpkgs",
        "rev": "5052d7ccbcfb7e4ae1586cb2ecf95a2e3707dce9",
        "type": "github"
      },
      "original": {
        "owner": "NixOS",
        "ref": "nixpkgs-unstable",
        "repo": "nixpkgs",
        "type": "github"
      }
    },
    "nixpkgs_3": {
      "locked": {
        "lastModified": 1789149629,
        "narHash": "sha256-H6GwaZzZf+4npqv0tph94w9tZddSjFjmQrVsW0z78uk=",
        "owner": "NixOS",
        "repo": "nixpkgs",
        "rev": "eaad089433ca2bb662274377d33df3d0e51ef28b",
        "type": "github"
      },
      "original": {
        "owner": "NixOS",
        "ref": "nixos-unstable",
        "repo": "nixpkgs",
        "type": "github"
      }
    },
    "nixpkgs_4": {
      "locked": {
        "lastModified": 1788752844,
        "narHash": "sha256-VaWGJ6+cIYN2erfSecbRV+4ljI185Ty2wUrXyvQbgOw=",
        "owner": "nixos",
        "repo": "nixpkgs",
        "rev": "dc5d91f840324650bac8c379428c7037a416959a",
        "type": "github"
      },
      "original": {
        "owner": "nixos",
        "ref": "nixos-unstable",
        "repo": "nixpkgs",
        "type": "github"
      }
    },
    "nixpkgs_5": {
      "locked": {
        "lastModified": 1787424095,
        "narHash": "sha256-dWLO5AHhKaw6rdWCtTes8hnntT1r0/J5yhQGm0f0ZgU=",
        "owner": "NixOS",
        "repo": "nixpkgs",
        "rev": "174eb786fb68e3a13e4e535a3deea479a0c07a6a",
        "type": "github"
      },
      "original": {
        "owner": "NixOS",
        "ref": "nixpkgs-unstable",
        "repo": "nixpkgs",
        "type": "github"
      }
    },
    "nixpkgs_6": {
      "locked": {
        "lastModified": 1787172299,
        "narHash": "sha256-PShzS87awOlE5XWkxUGBd/58/F+AtE2ZMgFffKj4r8s=",
        "owner": "NixOS",
        "repo": "nixpkgs",
        "rev": "07e1d92cdc0ed416cfa11ff3ca40d17e61cfba7a",
        "type": "github"
      },
      "original": {
        "owner": "NixOS",
        "ref": "nixpkgs-unstable",
        "repo": "nixpkgs",
        "type": "github"
      }
    },
    "root": {
      "inputs": {
        "cpak": "cpak",
        "llms": "llms",
        "nixpkgs": "nixpkgs_3",
        "singularity-flake": "singularity-flake",
        "vicre": "vicre"
      }
    },
    "singularity-desktop-src": {
      "flake": false,
      "locked": {
        "lastModified": 1788525762,
        "narHash": "sha256-61IixXJz43j+LNmwU1tOL/eX/eXkZhLOolGtOT8w8Vg=",
        "ref": "refs/heads/master",
        "rev": "d642160a3c438f1fd4a535ed7e53584c7c065236",
        "revCount": 263,
        "submodules": true,
        "type": "git",
        "url": "https://github.com/singularityos-lab/singularity-desktop.git"
      },
      "original": {
        "submodules": true,
        "type": "git",
        "url": "https://github.com/singularityos-lab/singularity-desktop.git"
      }
    },
    "singularity-flake": {
      "inputs": {
        "labwc-src": "labwc-src",
        "nixpkgs": "nixpkgs_4",
        "singularity-desktop-src": "singularity-desktop-src"
      },
      "locked": {
        "lastModified": 1788919330,
        "narHash": "sha256-fqmuoFWr0lm9eZtLGA7c8m6HzH/suEBLmggpVd38DRo=",
        "owner": "mateoalfaro",
        "repo": "singularity-flake",
        "rev": "c7886d9433ffeddc33b9b175ac32bfbcd2492e80",
        "type": "github"
      },
      "original": {
        "owner": "mateoalfaro",
        "repo": "singularity-flake",
        "type": "github"
      }
    },
    "systems": {
      "locked": {
        "lastModified": 1681028828,
        "narHash": "sha256-Vy1rq5AaRuLzOxct8nz4T6wlgyUR7zLU309k9mBC768=",
        "owner": "nix-systems",
        "repo": "default",
        "rev": "da67096a3b9bf56a91d16901293e51ba5b49a27e",
        "type": "github"
      },
      "original": {
        "owner": "nix-systems",
        "repo": "default",
        "type": "github"
      }
    },
    "systems_2": {
      "locked": {
        "lastModified": 1681028828,
        "narHash": "sha256-Vy1rq5AaRuLzOxct8nz4T6wlgyUR7zLU309k9mBC768=",
        "owner": "nix-systems",
        "repo": "default",
        "rev": "da67096a3b9bf56a91d16901293e51ba5b49a27e",
        "type": "github"
      },
      "original": {
        "owner": "nix-systems",
        "repo": "default",
        "type": "github"
      }
    },
    "treefmt-nix": {
      "inputs": {
        "nixpkgs": [
          "llms",
          "nixpkgs"
        ]
      },
      "locked": {
        "lastModified": 1786901030,
        "narHash": "sha256-WSFCsDSE5ffgD2MqzkM2CYjeFiKhRF/dJUN8uedb6YE=",
        "owner": "numtide",
        "repo": "treefmt-nix",
        "rev": "27b3b12a8e6375f28ebe122f07d230ca5459bbfa",
        "type": "github"
      },
      "original": {
        "owner": "numtide",
        "repo": "treefmt-nix",
        "type": "github"
      }
    },
    "treefmt-nix_2": {
      "inputs": {
        "nixpkgs": [
          "vicre",
          "llm-agents",
          "nixpkgs"
        ]
      },
      "locked": {
        "lastModified": 1786901030,
        "narHash": "sha256-WSFCsDSE5ffgD2MqzkM2CYjeFiKhRF/dJUN8uedb6YE=",
        "owner": "numtide",
        "repo": "treefmt-nix",
        "rev": "27b3b12a8e6375f28ebe122f07d230ca5459bbfa",
        "type": "github"
      },
      "original": {
        "owner": "numtide",
        "repo": "treefmt-nix",
        "type": "github"
      }
    },
    "vicre": {
      "inputs": {
        "llm-agents": "llm-agents",
        "nixpkgs": "nixpkgs_6"
      },
      "locked": {
        "lastModified": 1789241344,
        "narHash": "sha256-7L9h8uTIIx+lrfPNbV1D0xdTXQOEtZ8KxJ5bTHGRqCM=",
        "owner": "mateoalfaro",
        "repo": "vicre",
        "rev": "32d9e940aece40ebc0ce68f61ba917df4f74255b",
        "type": "github"
      },
      "original": {
        "owner": "mateoalfaro",
        "repo": "vicre",
        "type": "github"
      }
    }
  },
  "root": "root",
  "version": 7
}
